// !$*UTF8*$!
{
	archiveVersion = 1;
	classes = {
	};
	objectVersion = 77;
	objects = {

/* Begin PBXBuildFile section */
		3FFE808C2F9FE01F001649D0 /* Kingfisher in Frameworks */ = {isa = PBXBuildFile; productRef = 3FFE808B2F9FE01F001649D0 /* Kingfisher */; };
/* End PBXBuildFile section */

/* Begin PBXContainerItemProxy section */
		3FC570FD2F6195AC0065F011 /* PBXContainerItemProxy */ = {
			isa = PBXContainerItemProxy;
			containerPortal = 3FC570DE2F6195AC0065F011 /* Project object */;
			proxyType = 1;
			remoteGlobalIDString = 3FC570E52F6195AC0065F011;
			remoteInfo = Sabor_Portfolio;
		};
		3FC571072F6195AC0065F011 /* PBXContainerItemProxy */ = {
			isa = PBXContainerItemProxy;
			containerPortal = 3FC570DE2F6195AC0065F011 /* Project object */;
			proxyType = 1;
			remoteGlobalIDString = 3FC570E52F6195AC0065F011;
			remoteInfo = Sabor_Portfolio;
		};
/* End PBXContainerItemProxy section */

/* Begin PBXFileReference section */
		3FC570E62F6195AC0065F011 /* Sabor_Portfolio.app */ = {isa = PBXFileReference; explicitFileType = wrapper.application; includeInIndex = 0; path = Sabor_Portfolio.app; sourceTree = BUILT_PRODUCTS_DIR; };
		3FC570FC2F6195AC0065F011 /* Sabor_PortfolioTests.xctest */ = {isa = PBXFileReference; explicitFileType = wrapper.cfbundle; includeInIndex = 0; path = Sabor_PortfolioTests.xctest; sourceTree = BUILT_PRODUCTS_DIR; };
		3FC571062F6195AC0065F011 /* Sabor_PortfolioUITests.xctest */ = {isa = PBXFileReference; explicitFileType = wrapper.cfbundle; includeInIndex = 0; path = Sabor_PortfolioUITests.xctest; sourceTree = BUILT_PRODUCTS_DIR; };
/* End PBXFileReference section */

/* Begin PBXFileSystemSynchronizedBuildFileExceptionSet section */
		3FC5710E2F6195AC0065F011 /* Exceptions for "Sabor_Portfolio" folder in "Sabor_Portfolio" target */ = {
			isa = PBXFileSystemSynchronizedBuildFileExceptionSet;
			membershipExceptions = (
				Info.plist,
			);
			target = 3FC570E52F6195AC0065F011 /* Sabor_Portfolio */;
		};
/* End PBXFileSystemSynchronizedBuildFileExceptionSet section */

/* Begin PBXFileSystemSynchronizedRootGroup section */
		3FC570E82F6195AC0065F011 /* Sabor_Portfolio */ = {
			isa = PBXFileSystemSynchronizedRootGroup;
			exceptions = (
				3FC5710E2F6195AC0065F011 /* Exceptions for "Sabor_Portfolio" folder in "Sabor_Portfolio" target */,
			);
			path = Sabor_Portfolio;
			sourceTree = "<group>";
		};
		3FC570FF2F6195AC0065F011 /* Sabor_PortfolioTests */ = {
			isa = PBXFileSystemSynchronizedRootGroup;
			path = Sabor_PortfolioTests;
			sourceTree = "<group>";
		};
		3FC571092F6195AC0065F011 /* Sabor_PortfolioUITests */ = {
			isa = PBXFileSystemSynchronizedRootGroup;
			path = Sabor_PortfolioUITests;
			sourceTree = "<group>";
		};
/* End PBXFileSystemSynchronizedRootGroup section */

/* Begin PBXFrameworksBuildPhase section */
		3FC570E32F6195AC0065F011 /* Frameworks */ = {
			isa = PBXFrameworksBuildPhase;
			buildActionMask = 2147483647;
			files = (
				3FFE808C2F9FE01F001649D0 /* Kingfisher in Frameworks */,
			);
			runOnlyForDeploymentPostprocessing = 0;
		};
		3FC570F92F6195AC0065F011 /* Frameworks */ = {
			isa = PBXFrameworksBuildPhase;
			buildActionMask = 2147483647;
			files = (
			);
			runOnlyForDeploymentPostprocessing = 0;
		};
		3FC571032F6195AC0065F011 /* Frameworks */ = {
			isa = PBXFrameworksBuildPhase;
			buildActionMask = 2147483647;
			files = (
			);
			runOnlyForDeploymentPostprocessing = 0;
		};
/* End PBXFrameworksBuildPhase section */

/* Begin PBXGroup section */
		3FC570DD2F6195AC0065F011 = {
			isa = PBXGroup;
			children = (
				3FC570E82F6195AC0065F011 /* Sabor_Portfolio */,
				3FC570FF2F6195AC0065F011 /* Sabor_PortfolioTests */,
				3FC571092F6195AC0065F011 /* Sabor_PortfolioUITests */,
				3FFE808A2F9FE01F001649D0 /* Frameworks */,
				3FC570E72F6195AC0065F011 /* Products */,
			);
			sourceTree = "<group>";
		};
		3FC570E72F6195AC0065F011 /* Products */ = {
			isa = PBXGroup;
			children = (
				3FC570E62F6195AC0065F011 /* Sabor_Portfolio.app */,
				3FC570FC2F6195AC0065F011 /* Sabor_PortfolioTests.xctest */,
				3FC571062F6195AC0065F011 /* Sabor_PortfolioUITests.xctest */,
			);
			name = Products;
			sourceTree = "<group>";
		};
		3FFE808A2F9FE01F001649D0 /* Frameworks */ = {
			isa = PBXGroup;
			children = (
			);
			name = Frameworks;
			sourceTree = "<group>";
		};
/* End PBXGroup section */

/* Begin PBXNativeTarget section */
		3FC570E52F6195AC0065F011 /* Sabor_Portfolio */ = {
			isa = PBXNativeTarget;
			buildConfigurationList = 3FC5710F2F6195AC0065F011 /* Build configuration list for PBXNativeTarget "Sabor_Portfolio" */;
			buildPhases = (
				3FC570E22F6195AC0065F011 /* Sources */,
				3FC570E32F6195AC0065F011 /* Frameworks */,
				3FC570E42F6195AC0065F011 /* Resources */,
			);
			buildRules = (
			);
			dependencies = (
			);
			fileSystemSynchronizedGroups = (
				3FC570E82F6195AC0065F011 /* Sabor_Portfolio */,
			);
			name = Sabor_Portfolio;
			packageProductDependencies = (
				3FFE808B2F9FE01F001649D0 /* Kingfisher */,
			);
			productName = Sabor_Portfolio;
			productReference = 3FC570E62F6195AC0065F011 /* Sabor_Portfolio.app */;
			productType = "com.apple.product-type.application";
		};
		3FC570FB2F6195AC0065F011 /* Sabor_PortfolioTests */ = {
			isa = PBXNativeTarget;
			buildConfigurationList = 3FC571142F6195AC0065F011 /* Build configuration list for PBXNativeTarget "Sabor_PortfolioTests" */;
			buildPhases = (
				3FC570F82F6195AC0065F011 /* Sources */,
				3FC570F92F6195AC0065F011 /* Frameworks */,
				3FC570FA2F6195AC0065F011 /* Resources */,
			);
			buildRules = (
			);
			dependencies = (
				3FC570FE2F6195AC0065F011 /* PBXTargetDependency */,
			);
			fileSystemSynchronizedGroups = (
				3FC570FF2F6195AC0065F011 /* Sabor_PortfolioTests */,
			);
			name = Sabor_PortfolioTests;
			packageProductDependencies = (
			);
			productName = Sabor_PortfolioTests;
			productReference = 3FC570FC2F6195AC0065F011 /* Sabor_PortfolioTests.xctest */;
			productType = "com.apple.product-type.bundle.unit-test";
		};
		3FC571052F6195AC0065F011 /* Sabor_PortfolioUITests */ = {
			isa = PBXNativeTarget;
			buildConfigurationList = 3FC571172F6195AC0065F011 /* Build configuration list for PBXNativeTarget "Sabor_PortfolioUITests" */;
			buildPhases = (
				3FC571022F6195AC0065F011 /* Sources */,
				3FC571032F6195AC0065F011 /* Frameworks */,
				3FC571042F6195AC0065F011 /* Resources */,
			);
			buildRules = (
			);
			dependencies = (
				3FC571082F6195AC0065F011 /* PBXTargetDependency */,
			);
			fileSystemSynchronizedGroups = (
				3FC571092F6195AC0065F011 /* Sabor_PortfolioUITests */,
			);
			name = Sabor_PortfolioUITests;
			packageProductDependencies = (
			);
			productName = Sabor_PortfolioUITests;
			productReference = 3FC571062F6195AC0065F011 /* Sabor_PortfolioUITests.xctest */;
			productType = "com.apple.product-type.bundle.ui-testing";
		};
/* End PBXNativeTarget section */

/* Begin PBXProject section */
		3FC570DE2F6195AC0065F011 /* Project object */ = {
			isa = PBXProject;
			attributes = {
				BuildIndependentTargetsInParallel = 1;
				LastSwiftUpdateCheck = 2620;
				LastUpgradeCheck = 2620;
				TargetAttributes = {
					3FC570E52F6195AC0065F011 = {
						CreatedOnToolsVersion = 26.2;
					};
					3FC570FB2F6195AC0065F011 = {
						CreatedOnToolsVersion = 26.2;
						TestTargetID = 3FC570E52F6195AC0065F011;
					};
					3FC571052F6195AC0065F011 = {
						CreatedOnToolsVersion = 26.2;
						TestTargetID = 3FC570E52F6195AC0065F011;
					};
				};
			};
			buildConfigurationList = 3FC570E12F6195AC0065F011 /* Build configuration list for PBXProject "Sabor_Portfolio" */;
			developmentRegion = en;
			hasScannedForEncodings = 0;
			knownRegions = (
				en,
				Base,
			);
			mainGroup = 3FC570DD2F6195AC0065F011;
			minimizedProjectReferenceProxies = 1;
			packageReferences = (
				3FFE80892F9FDF49001649D0 /* XCRemoteSwiftPackageReference "Kingfisher" */,
			);
			preferredProjectObjectVersion = 77;
			productRefGroup = 3FC570E72F6195AC0065F011 /* Products */;
			projectDirPath = "";
			projectRoot = "";
			targets = (
				3FC570E52F6195AC0065F011 /* Sabor_Portfolio */,
				3FC570FB2F6195AC0065F011 /* Sabor_PortfolioTests */,
				3FC571052F6195AC0065F011 /* Sabor_PortfolioUITests */,
			);
		};
/* End PBXProject section */

/* Begin PBXResourcesBuildPhase section */
		3FC570E42F6195AC0065F011 /* Resources */ = {
			isa = PBXResourcesBuildPhase;
			buildActionMask = 2147483647;
			files = (
			);
			runOnlyForDeploymentPostprocessing = 0;
		};
		3FC570FA2F6195AC0065F011 /* Resources */ = {
			isa = PBXResourcesBuildPhase;
			buildActionMask = 2147483647;
			files = (
			);
			runOnlyForDeploymentPostprocessing = 0;
		};
		3FC571042F6195AC0065F011 /* Resources */ = {
			isa = PBXResourcesBuildPhase;
			buildActionMask = 2147483647;
			files = (
			);
			runOnlyForDeploymentPostprocessing = 0;
		};
/* End PBXResourcesBuildPhase section */

/* Begin PBXSourcesBuildPhase section */
		3FC570E22F6195AC0065F011 /* Sources */ = {
			isa = PBXSourcesBuildPhase;
			buildActionMask = 2147483647;
			files = (
			);
			runOnlyForDeploymentPostprocessing = 0;
		};
		3FC570F82F6195AC0065F011 /* Sources */ = {
			isa = PBXSourcesBuildPhase;
			buildActionMask = 2147483647;
			files = (
			);
			runOnlyForDeploymentPostprocessing = 0;
		};
		3FC571022F6195AC0065F011 /* Sources */ = {
			isa = PBXSourcesBuildPhase;
			buildActionMask = 2147483647;
			files = (
			);
			runOnlyForDeploymentPostprocessing = 0;
		};
/* End PBXSourcesBuildPhase section */

/* Begin PBXTargetDependency section */
		3FC570FE2F6195AC0065F011 /* PBXTargetDependency */ = {
			isa = PBXTargetDependency;
			target = 3FC570E52F6195AC0065F011 /* Sabor_Portfolio */;
			targetProxy = 3FC570FD2F6195AC0065F011 /* PBXContainerItemProxy */;
		};
		3FC571082F6195AC0065F011 /* PBXTargetDependency */ = {
			isa = PBXTargetDependency;
			target = 3FC570E52F6195AC0065F011 /* Sabor_Portfolio */;
			targetProxy = 3FC571072F6195AC0065F011 /* PBXContainerItemProxy */;
		};
/* End PBXTargetDependency section */

/* Begin XCBuildConfiguration section */
		3FC571102F6195AC0065F011 /* Debug */ = {
			isa = XCBuildConfiguration;
			buildSettings = {
				ASSETCATALOG_COMPILER_APPICON_NAME = AppIcon;
				ASSETCATALOG_COMPILER_GLOBAL_ACCENT_COLOR_NAME = AccentColor;
				CODE_SIGN_STYLE = Automatic;
				CURRENT_PROJECT_VERSION = 1;
				DEVELOPMENT_TEAM = 49PHY8PGAA;
				GENERATE_INFOPLIST_FILE = YES;
				INFOPLIST_FILE = Sabor_Portfolio/Info.plist;
				INFOPLIST_KEY_UIApplicationSupportsIndirectInputEvents = YES;
				INFOPLIST_KEY_UILaunchStoryboardName = LaunchScreen;
				INFOPLIST_KEY_UISupportedInterfaceOrientations_iPad = "UIInterfaceOrientationPortrait UIInterfaceOrientationPortraitUpsideDown UIInterfaceOrientationLandscapeLeft UIInterfaceOrientationLandscapeRight";
				INFOPLIST_KEY_UISupportedInterfaceOrientations_iPhone = "UIInterfaceOrientationPortrait UIInterfaceOrientationLandscapeLeft UIInterfaceOrientationLandscapeRight";
				LD_RUNPATH_SEARCH_PATHS = (
					"$(inherited)",
					"@executable_path/Frameworks",
				);
				MARKETING_VERSION = 1.0;
				PRODUCT_BUNDLE_IDENTIFIER = "Gio.Sabor-Portfolio";
				PRODUCT_NAME = "$(TARGET_NAME)";
				STRING_CATALOG_GENERATE_SYMBOLS = YES;
				SWIFT_APPROACHABLE_CONCURRENCY = YES;
				SWIFT_DEFAULT_ACTOR_ISOLATION = MainActor;
				SWIFT_EMIT_LOC_STRINGS = YES;
				SWIFT_UPCOMING_FEATURE_MEMBER_IMPORT_VISIBILITY = YES;
				SWIFT_VERSION = 5.0;
				TARGETED_DEVICE_FAMILY = "1,2";
			};
			name = Debug;
		};
		3FC571112F6195AC0065F011 /* Release */ = {
			isa = XCBuildConfiguration;
			buildSettings = {
				ASSETCATALOG_COMPILER_APPICON_NAME = AppIcon;
				ASSETCATALOG_COMPILER_GLOBAL_ACCENT_COLOR_NAME = AccentColor;
				CODE_SIGN_STYLE = Automatic;
				CURRENT_PROJECT_VERSION = 1;
				DEVELOPMENT_TEAM = 49PHY8PGAA;
				GENERATE_INFOPLIST_FILE = YES;
				INFOPLIST_FILE = Sabor_Portfolio/Info.plist;
				INFOPLIST_KEY_UIApplicationSupportsIndirectInputEvents = YES;
				INFOPLIST_KEY_UILaunchStoryboardName = LaunchScreen;
				INFOPLIST_KEY_UISupportedInterfaceOrientations_iPad = "UIInterfaceOrientationPortrait UIInterfaceOrientationPortraitUpsideDown UIInterfaceOrientationLandscapeLeft UIInterfaceOrientationLandscapeRight";
				INFOPLIST_KEY_UISupportedInterfaceOrientations_iPhone = "UIInterfaceOrientationPortrait UIInterfaceOrientationLandscapeLeft UIInterfaceOrientationLandscapeRight";
				LD_RUNPATH_SEARCH_PATHS = (
					"$(inherited)",
					"@executable_path/Frameworks",
				);
				MARKETING_VERSION = 1.0;
				PRODUCT_BUNDLE_IDENTIFIER = "Gio.Sabor-Portfolio";
				PRODUCT_NAME = "$(TARGET_NAME)";
				STRING_CATALOG_GENERATE_SYMBOLS = YES;
				SWIFT_APPROACHABLE_CONCURRENCY = YES;
				SWIFT_DEFAULT_ACTOR_ISOLATION = MainActor;
				SWIFT_EMIT_LOC_STRINGS = YES;
				SWIFT_UPCOMING_FEATURE_MEMBER_IMPORT_VISIBILITY = YES;
				SWIFT_VERSION = 5.0;
				TARGETED_DEVICE_FAMILY = "1,2";
			};
			name = Release;
		};
		3FC571122F6195AC0065F011 /* Debug */ = {
			isa = XCBuildConfiguration;
			buildSettings = {
				ALWAYS_SEARCH_USER_PATHS = NO;
				ASSETCATALOG_COMPILER_GENERATE_SWIFT_ASSET_SYMBOL_EXTENSIONS = YES;
				CLANG_ANALYZER_NONNULL = YES;
				CLANG_ANALYZER_NUMBER_OBJECT_CONVERSION = YES_AGGRESSIVE;
				CLANG_CXX_LANGUAGE_STANDARD = "gnu++20";
				CLANG_ENABLE_MODULES = YES;
				CLANG_ENABLE_OBJC_ARC = YES;
				CLANG_ENABLE_OBJC_WEAK = YES;
				CLANG_WARN_BLOCK_CAPTURE_AUTORELEASING = YES;
				CLANG_WARN_BOOL_CONVERSION = YES;
				CLANG_WARN_COMMA = YES;
				CLANG_WARN_CONSTANT_CONVERSION = YES;
				CLANG_WARN_DEPRECATED_OBJC_IMPLEMENTATIONS = YES;
				CLANG_WARN_DIRECT_OBJC_ISA_USAGE = YES_ERROR;
				CLANG_WARN_DOCUMENTATION_COMMENTS = YES;
				CLANG_WARN_EMPTY_BODY = YES;
				CLANG_WARN_ENUM_CONVERSION = YES;
				CLANG_WARN_INFINITE_RECURSION = YES;
				CLANG_WARN_INT_CONVERSION = YES;
				CLANG_WARN_NON_LITERAL_NULL_CONVERSION = YES;
				CLANG_WARN_OBJC_IMPLICIT_RETAIN_SELF = YES;
				CLANG_WARN_OBJC_LITERAL_CONVERSION = YES;
				CLANG_WARN_OBJC_ROOT_CLASS = YES_ERROR;
				CLANG_WARN_QUOTED_INCLUDE_IN_FRAMEWORK_HEADER = YES;
				CLANG_WARN_RANGE_LOOP_ANALYSIS = YES;
				CLANG_WARN_STRICT_PROTOTYPES = YES;
				CLANG_WARN_SUSPICIOUS_MOVE = YES;
				CLANG_WARN_UNGUARDED_AVAILABILITY = YES_AGGRESSIVE;
				CLANG_WARN_UNREACHABLE_CODE = YES;
				CLANG_WARN__DUPLICATE_METHOD_MATCH = YES;
				COPY_PHASE_STRIP = NO;
				DEBUG_INFORMATION_FORMAT = dwarf;
				DEVELOPMENT_TEAM = 49PHY8PGAA;
				ENABLE_STRICT_OBJC_MSGSEND = YES;
				ENABLE_TESTABILITY = YES;
				ENABLE_USER_SCRIPT_SANDBOXING = YES;
				GCC_C_LANGUAGE_STANDARD = gnu17;
				GCC_DYNAMIC_NO_PIC = NO;
				GCC_NO_COMMON_BLOCKS = YES;
				GCC_OPTIMIZATION_LEVEL = 0;
				GCC_PREPROCESSOR_DEFINITIONS = (
					"DEBUG=1",
					"$(inherited)",
				);
				GCC_WARN_64_TO_32_BIT_CONVERSION = YES;
				GCC_WARN_ABOUT_RETURN_TYPE = YES_ERROR;
				GCC_WARN_UNDECLARED_SELECTOR = YES;
				GCC_WARN_UNINITIALIZED_AUTOS = YES_AGGRESSIVE;
				GCC_WARN_UNUSED_FUNCTION = YES;
				GCC_WARN_UNUSED_VARIABLE = YES;
				IPHONEOS_DEPLOYMENT_TARGET = 26.2;
				LOCALIZATION_PREFERS_STRING_CATALOGS = YES;
				MTL_ENABLE_DEBUG_INFO = INCLUDE_SOURCE;
				MTL_FAST_MATH = YES;
				ONLY_ACTIVE_ARCH = YES;
				SDKROOT = iphoneos;
				SWIFT_ACTIVE_COMPILATION_CONDITIONS = "DEBUG $(inherited)";
				SWIFT_OPTIMIZATION_LEVEL = "-Onone";
			};
			name = Debug;
		};
		3FC571132F6195AC0065F011 /* Release */ = {
			isa = XCBuildConfiguration;
			buildSettings = {
				ALWAYS_SEARCH_USER_PATHS = NO;
				ASSETCATALOG_COMPILER_GENERATE_SWIFT_ASSET_SYMBOL_EXTENSIONS = YES;
				CLANG_ANALYZER_NONNULL = YES;
				CLANG_ANALYZER_NUMBER_OBJECT_CONVERSION = YES_AGGRESSIVE;
				CLANG_CXX_LANGUAGE_STANDARD = "gnu++20";
				CLANG_ENABLE_MODULES = YES;
				CLANG_ENABLE_OBJC_ARC = YES;
				CLANG_ENABLE_OBJC_WEAK = YES;
				CLANG_WARN_BLOCK_CAPTURE_AUTORELEASING = YES;
				CLANG_WARN_BOOL_CONVERSION = YES;
				CLANG_WARN_COMMA = YES;
				CLANG_WARN_CONSTANT_CONVERSION = YES;
				CLANG_WARN_DEPRECATED_OBJC_IMPLEMENTATIONS = YES;
				CLANG_WARN_DIRECT_OBJC_ISA_USAGE = YES_ERROR;
				CLANG_WARN_DOCUMENTATION_COMMENTS = YES;
				CLANG_WARN_EMPTY_BODY = YES;
				CLANG_WARN_ENUM_CONVERSION = YES;
				CLANG_WARN_INFINITE_RECURSION = YES;
				CLANG_WARN_INT_CONVERSION = YES;
				CLANG_WARN_NON_LITERAL_NULL_CONVERSION = YES;
				CLANG_WARN_OBJC_IMPLICIT_RETAIN_SELF = YES;
				CLANG_WARN_OBJC_LITERAL_CONVERSION = YES;
				CLANG_WARN_OBJC_ROOT_CLASS = YES_ERROR;
				CLANG_WARN_QUOTED_INCLUDE_IN_FRAMEWORK_HEADER = YES;
				CLANG_WARN_RANGE_LOOP_ANALYSIS = YES;
				CLANG_WARN_STRICT_PROTOTYPES = YES;
				CLANG_WARN_SUSPICIOUS_MOVE = YES;
				CLANG_WARN_UNGUARDED_AVAILABILITY = YES_AGGRESSIVE;
				CLANG_WARN_UNREACHABLE_CODE = YES;
				CLANG_WARN__DUPLICATE_METHOD_MATCH = YES;
				COPY_PHASE_STRIP = NO;
				DEBUG_INFORMATION_FORMAT = "dwarf-with-dsym";
				DEVELOPMENT_TEAM = 49PHY8PGAA;
				ENABLE_NS_ASSERTIONS = NO;
				ENABLE_STRICT_OBJC_MSGSEND = YES;
				ENABLE_USER_SCRIPT_SANDBOXING = YES;
				GCC_C_LANGUAGE_STANDARD = gnu17;
				GCC_NO_COMMON_BLOCKS = YES;
				GCC_WARN_64_TO_32_BIT_CONVERSION = YES;
				GCC_WARN_ABOUT_RETURN_TYPE = YES_ERROR;
				GCC_WARN_UNDECLARED_SELECTOR = YES;
				GCC_WARN_UNINITIALIZED_AUTOS = YES_AGGRESSIVE;
				GCC_WARN_UNUSED_FUNCTION = YES;
				GCC_WARN_UNUSED_VARIABLE = YES;
				IPHONEOS_DEPLOYMENT_TARGET = 26.2;
				LOCALIZATION_PREFERS_STRING_CATALOGS = YES;
				MTL_ENABLE_DEBUG_INFO = NO;
				MTL_FAST_MATH = YES;
				SDKROOT = iphoneos;
				SWIFT_COMPILATION_MODE = wholemodule;
				VALIDATE_PRODUCT = YES;
			};
			name = Release;
		};
		3FC571152F6195AC0065F011 /* Debug */ = {
			isa = XCBuildConfiguration;
			buildSettings = {
				BUNDLE_LOADER = "$(TEST_HOST)";
				CODE_SIGN_STYLE = Automatic;
				CURRENT_PROJECT_VERSION = 1;
				DEVELOPMENT_TEAM = 49PHY8PGAA;
				GENERATE_INFOPLIST_FILE = YES;
				IPHONEOS_DEPLOYMENT_TARGET = 26.2;
				MARKETING_VERSION = 1.0;
				PRODUCT_BUNDLE_IDENTIFIER = "Gio.Sabor-PortfolioTests";
				PRODUCT_NAME = "$(TARGET_NAME)";
				STRING_CATALOG_GENERATE_SYMBOLS = NO;
				SWIFT_APPROACHABLE_CONCURRENCY = YES;
				SWIFT_EMIT_LOC_STRINGS = NO;
				SWIFT_UPCOMING_FEATURE_MEMBER_IMPORT_VISIBILITY = YES;
				SWIFT_VERSION = 5.0;
				TARGETED_DEVICE_FAMILY = "1,2";
				TEST_HOST = "$(BUILT_PRODUCTS_DIR)/Sabor_Portfolio.app/$(BUNDLE_EXECUTABLE_FOLDER_PATH)/Sabor_Portfolio";
			};
			name = Debug;
		};
		3FC571162F6195AC0065F011 /* Release */ = {
			isa = XCBuildConfiguration;
			buildSettings = {
				BUNDLE_LOADER = "$(TEST_HOST)";
				CODE_SIGN_STYLE = Automatic;
				CURRENT_PROJECT_VERSION = 1;
				DEVELOPMENT_TEAM = 49PHY8PGAA;
				GENERATE_INFOPLIST_FILE = YES;
				IPHONEOS_DEPLOYMENT_TARGET = 26.2;
				MARKETING_VERSION = 1.0;
				PRODUCT_BUNDLE_IDENTIFIER = "Gio.Sabor-PortfolioTests";
				PRODUCT_NAME = "$(TARGET_NAME)";
				STRING_CATALOG_GENERATE_SYMBOLS = NO;
				SWIFT_APPROACHABLE_CONCURRENCY = YES;
				SWIFT_EMIT_LOC_STRINGS = NO;
				SWIFT_UPCOMING_FEATURE_MEMBER_IMPORT_VISIBILITY = YES;
				SWIFT_VERSION = 5.0;
				TARGETED_DEVICE_FAMILY = "1,2";
				TEST_HOST = "$(BUILT_PRODUCTS_DIR)/Sabor_Portfolio.app/$(BUNDLE_EXECUTABLE_FOLDER_PATH)/Sabor_Portfolio";
			};
			name = Release;
		};
		3FC571182F6195AC0065F011 /* Debug */ = {
			isa = XCBuildConfiguration;
			buildSettings = {
				CODE_SIGN_STYLE = Automatic;
				CURRENT_PROJECT_VERSION = 1;
				DEVELOPMENT_TEAM = 49PHY8PGAA;
				GENERATE_INFOPLIST_FILE = YES;
				MARKETING_VERSION = 1.0;
				PRODUCT_BUNDLE_IDENTIFIER = "Gio.Sabor-PortfolioUITests";
				PRODUCT_NAME = "$(TARGET_NAME)";
				STRING_CATALOG_GENERATE_SYMBOLS = NO;
				SWIFT_APPROACHABLE_CONCURRENCY = YES;
				SWIFT_EMIT_LOC_STRINGS = NO;
				SWIFT_UPCOMING_FEATURE_MEMBER_IMPORT_VISIBILITY = YES;
				SWIFT_VERSION = 5.0;
				TARGETED_DEVICE_FAMILY = "1,2";
				TEST_TARGET_NAME = Sabor_Portfolio;
			};
			name = Debug;
		};
		3FC571192F6195AC0065F011 /* Release */ = {
			isa = XCBuildConfiguration;
			buildSettings = {
				CODE_SIGN_STYLE = Automatic;
				CURRENT_PROJECT_VERSION = 1;
				DEVELOPMENT_TEAM = 49PHY8PGAA;
				GENERATE_INFOPLIST_FILE = YES;
				MARKETING_VERSION = 1.0;
				PRODUCT_BUNDLE_IDENTIFIER = "Gio.Sabor-PortfolioUITests";
				PRODUCT_NAME = "$(TARGET_NAME)";
				STRING_CATALOG_GENERATE_SYMBOLS = NO;
				SWIFT_APPROACHABLE_CONCURRENCY = YES;
				SWIFT_EMIT_LOC_STRINGS = NO;
				SWIFT_UPCOMING_FEATURE_MEMBER_IMPORT_VISIBILITY = YES;
				SWIFT_VERSION = 5.0;
				TARGETED_DEVICE_FAMILY = "1,2";
				TEST_TARGET_NAME = Sabor_Portfolio;
			};
			name = Release;
		};
/* End XCBuildConfiguration section */

/* Begin XCConfigurationList section */
		3FC570E12F6195AC0065F011 /* Build configuration list for PBXProject "Sabor_Portfolio" */ = {
			isa = XCConfigurationList;
			buildConfigurations = (
				3FC571122F6195AC0065F011 /* Debug */,
				3FC571132F6195AC0065F011 /* Release */,
			);
			defaultConfigurationIsVisible = 0;
			defaultConfigurationName = Release;
		};
		3FC5710F2F6195AC0065F011 /* Build configuration list for PBXNativeTarget "Sabor_Portfolio" */ = {
			isa = XCConfigurationList;
			buildConfigurations = (
				3FC571102F6195AC0065F011 /* Debug */,
				3FC571112F6195AC0065F011 /* Release */,
			);
			defaultConfigurationIsVisible = 0;
			defaultConfigurationName = Release;
		};
		3FC571142F6195AC0065F011 /* Build configuration list for PBXNativeTarget "Sabor_PortfolioTests" */ = {
			isa = XCConfigurationList;
			buildConfigurations = (
				3FC571152F6195AC0065F011 /* Debug */,
				3FC571162F6195AC0065F011 /* Release */,
			);
			defaultConfigurationIsVisible = 0;
			defaultConfigurationName = Release;
		};
		3FC571172F6195AC0065F011 /* Build configuration list for PBXNativeTarget "Sabor_PortfolioUITests" */ = {
			isa = XCConfigurationList;
			buildConfigurations = (
				3FC571182F6195AC0065F011 /* Debug */,
				3FC571192F6195AC0065F011 /* Release */,
			);
			defaultConfigurationIsVisible = 0;
			defaultConfigurationName = Release;
		};
/* End XCConfigurationList section */

/* Begin XCRemoteSwiftPackageReference section */
		3FFE80892F9FDF49001649D0 /* XCRemoteSwiftPackageReference "Kingfisher" */ = {
			isa = XCRemoteSwiftPackageReference;
			repositoryURL = "https://github.com/onevcat/Kingfisher.git";
			requirement = {
				kind = upToNextMajorVersion;
				minimumVersion = 8.8.1;
			};
		};
/* End XCRemoteSwiftPackageReference section */

/* Begin XCSwiftPackageProductDependency section */
		3FFE808B2F9FE01F001649D0 /* Kingfisher */ = {
			isa = XCSwiftPackageProductDependency;
			package = 3FFE80892F9FDF49001649D0 /* XCRemoteSwiftPackageReference "Kingfisher" */;
			productName = Kingfisher;
		};
/* End XCSwiftPackageProductDependency section */
	};
	rootObject = 3FC570DE2F6195AC0065F011 /* Project object */;
}
